// !$*UTF8*$!
{
	archiveVersion = 1;
	classes = {
	};
	objectVersion = 56;
	objects = {

/* Begin PBXBuildFile section */
		D847A9402C56BE3700757A5F /* AppDelegate.swift in Sources */ = {isa = PBXBuildFile; fileRef = D847A93F2C56BE3700757A5F /* AppDelegate.swift */; };
		D847A9442C56BE3700757A5F /* ViewController.swift in Sources */ = {isa = PBXBuildFile; fileRef = D847A9432C56BE3700757A5F /* ViewController.swift */; };
		D847A9472C56BE3700757A5F /* Base in Resources */ = {isa = PBXBuildFile; fileRef = D847A9462C56BE3700757A5F /* Base */; };
		D847A9492C56BE3800757A5F /* Assets.xcassets in Resources */ = {isa = PBXBuildFile; fileRef = D847A9482C56BE3800757A5F /* Assets.xcassets */; };
		D847A94C2C56BE3800757A5F /* Base in Resources */ = {isa = PBXBuildFile; fileRef = D847A94B2C56BE3800757A5F /* Base */; };
		D87014642C581B980032C2F3 /* TabBar.swift in Sources */ = {isa = PBXBuildFile; fileRef = D87014632C581B980032C2F3 /* TabBar.swift */; };
		D87014692C581CCA0032C2F3 /* HoleView.swift in Sources */ = {isa = PBXBuildFile; fileRef = D87014682C581CCA0032C2F3 /* HoleView.swift */; };
		D870146D2C5824A50032C2F3 /* SettingsViewController.swift in Sources */ = {isa = PBXBuildFile; fileRef = D870146C2C5824A50032C2F3 /* SettingsViewController.swift */; };
		D870146F2C5824AB0032C2F3 /* Settings.storyboard in Resources */ = {isa = PBXBuildFile; fileRef = D870146E2C5824AB0032C2F3 /* Settings.storyboard */; };
		D87014732C5825D80032C2F3 /* SettingsTableViewCell.swift in Sources */ = {isa = PBXBuildFile; fileRef = D87014712C5825D80032C2F3 /* SettingsTableViewCell.swift */; };
		D87014742C5825D80032C2F3 /* SettingsTableViewCell.xib in Resources */ = {isa = PBXBuildFile; fileRef = D87014722C5825D80032C2F3 /* SettingsTableViewCell.xib */; };
		D87014762C58272A0032C2F3 /* SettingsTableView.swift in Sources */ = {isa = PBXBuildFile; fileRef = D87014752C58272A0032C2F3 /* SettingsTableView.swift */; };
/* End PBXBuildFile section */

/* Begin PBXFileReference section */
		D847A93C2C56BE3700757A5F /* CroppImage.app */ = {isa = PBXFileReference; explicitFileType = wrapper.application; includeInIndex = 0; path = CroppImage.app; sourceTree = BUILT_PRODUCTS_DIR; };
		D847A93F2C56BE3700757A5F /* AppDelegate.swift */ = {isa = PBXFileReference; lastKnownFileType = sourcecode.swift; path = AppDelegate.swift; sourceTree = "<group>"; };
		D847A9432C56BE3700757A5F /* ViewController.swift */ = {isa = PBXFileReference; lastKnownFileType = sourcecode.swift; path = ViewController.swift; sourceTree = "<group>"; };
		D847A9462C56BE3700757A5F /* Base */ = {isa = PBXFileReference; lastKnownFileType = file.storyboard; name = Base; path = Base.lproj/Main.storyboard; sourceTree = "<group>"; };
		D847A9482C56BE3800757A5F /* Assets.xcassets */ = {isa = PBXFileReference; lastKnownFileType = folder.assetcatalog; path = Assets.xcassets; sourceTree = "<group>"; };
		D847A94B2C56BE3800757A5F /* Base */ = {isa = PBXFileReference; lastKnownFileType = file.storyboard; name = Base; path = Base.lproj/LaunchScreen.storyboard; sourceTree = "<group>"; };
		D847A94D2C56BE3800757A5F /* Info.plist */ = {isa = PBXFileReference; lastKnownFileType = text.plist.xml; path = Info.plist; sourceTree = "<group>"; };
		D87014632C581B980032C2F3 /* TabBar.swift */ = {isa = PBXFileReference; lastKnownFileType = sourcecode.swift; path = TabBar.swift; sourceTree = "<group>"; };
		D87014682C581CCA0032C2F3 /* HoleView.swift */ = {isa = PBXFileReference; lastKnownFileType = sourcecode.swift; path = HoleView.swift; sourceTree = "<group>"; };
		D870146C2C5824A50032C2F3 /* SettingsViewController.swift */ = {isa = PBXFileReference; lastKnownFileType = sourcecode.swift; path = SettingsViewController.swift; sourceTree = "<group>"; };
		D870146E2C5824AB0032C2F3 /* Settings.storyboard */ = {isa = PBXFileReference; lastKnownFileType = file.storyboard; path = Settings.storyboard; sourceTree = "<group>"; };
		D87014712C5825D80032C2F3 /* SettingsTableViewCell.swift */ = {isa = PBXFileReference; lastKnownFileType = sourcecode.swift; path = SettingsTableViewCell.swift; sourceTree = "<group>"; };
		D87014722C5825D80032C2F3 /* SettingsTableViewCell.xib */ = {isa = PBXFileReference; lastKnownFileType = file.xib; path = SettingsTableViewCell.xib; sourceTree = "<group>"; };
		D87014752C58272A0032C2F3 /* SettingsTableView.swift */ = {isa = PBXFileReference; lastKnownFileType = sourcecode.swift; path = SettingsTableView.swift; sourceTree = "<group>"; };
/* End PBXFileReference section */

/* Begin PBXFrameworksBuildPhase section */
		D847A9392C56BE3700757A5F /* Frameworks */ = {
			isa = PBXFrameworksBuildPhase;
			buildActionMask = 2147483647;
			files = (
			);
			runOnlyForDeploymentPostprocessing = 0;
		};
/* End PBXFrameworksBuildPhase section */

/* Begin PBXGroup section */
		D847A9332C56BE3700757A5F = {
			isa = PBXGroup;
			children = (
				D847A93E2C56BE3700757A5F /* CroppImage */,
				D847A93D2C56BE3700757A5F /* Products */,
			);
			sourceTree = "<group>";
		};
		D847A93D2C56BE3700757A5F /* Products */ = {
			isa = PBXGroup;
			children = (
				D847A93C2C56BE3700757A5F /* CroppImage.app */,
			);
			name = Products;
			sourceTree = "<group>";
		};
		D847A93E2C56BE3700757A5F /* CroppImage */ = {
			isa = PBXGroup;
			children = (
				D87014672C581CBE0032C2F3 /* Views */,
				D87014652C581CB00032C2F3 /* Screens */,
				D847A93F2C56BE3700757A5F /* AppDelegate.swift */,
				D847A9482C56BE3800757A5F /* Assets.xcassets */,
				D847A94A2C56BE3800757A5F /* LaunchScreen.storyboard */,
				D847A94D2C56BE3800757A5F /* Info.plist */,
			);
			path = CroppImage;
			sourceTree = "<group>";
		};
		D87014652C581CB00032C2F3 /* Screens */ = {
			isa = PBXGroup;
			children = (
				D870146B2C581DC70032C2F3 /* Settings */,
				D870146A2C581DBF0032C2F3 /* TabBar */,
				D87014662C581CB50032C2F3 /* Main */,
			);
			path = Screens;
			sourceTree = "<group>";
		};
		D87014662C581CB50032C2F3 /* Main */ = {
			isa = PBXGroup;
			children = (
				D847A9432C56BE3700757A5F /* ViewController.swift */,
				D847A9452C56BE3700757A5F /* Main.storyboard */,
			);
			path = Main;
			sourceTree = "<group>";
		};
		D87014672C581CBE0032C2F3 /* Views */ = {
			isa = PBXGroup;
			children = (
				D87014682C581CCA0032C2F3 /* HoleView.swift */,
			);
			path = Views;
			sourceTree = "<group>";
		};
		D870146A2C581DBF0032C2F3 /* TabBar */ = {
			isa = PBXGroup;
			children = (
				D87014632C581B980032C2F3 /* TabBar.swift */,
			);
			path = TabBar;
			sourceTree = "<group>";
		};
		D870146B2C581DC70032C2F3 /* Settings */ = {
			isa = PBXGroup;
			children = (
				D87014702C5825B80032C2F3 /* Cell */,
				D870146C2C5824A50032C2F3 /* SettingsViewController.swift */,
				D870146E2C5824AB0032C2F3 /* Settings.storyboard */,
				D87014752C58272A0032C2F3 /* SettingsTableView.swift */,
			);
			path = Settings;
			sourceTree = "<group>";
		};
		D87014702C5825B80032C2F3 /* Cell */ = {
			isa = PBXGroup;
			children = (
				D87014712C5825D80032C2F3 /* SettingsTableViewCell.swift */,
				D87014722C5825D80032C2F3 /* SettingsTableViewCell.xib */,
			);
			path = Cell;
			sourceTree = "<group>";
		};
/* End PBXGroup section */

/* Begin PBXNativeTarget section */
		D847A93B2C56BE3700757A5F /* CroppImage */ = {
			isa = PBXNativeTarget;
			buildConfigurationList = D847A9502C56BE3800757A5F /* Build configuration list for PBXNativeTarget "CroppImage" */;
			buildPhases = (
				D847A9382C56BE3700757A5F /* Sources */,
				D847A9392C56BE3700757A5F /* Frameworks */,
				D847A93A2C56BE3700757A5F /* Resources */,
			);
			buildRules = (
			);
			dependencies = (
			);
			name = CroppImage;
			productName = CroppImage;
			productReference = D847A93C2C56BE3700757A5F /* CroppImage.app */;
			productType = "com.apple.product-type.application";
		};
/* End PBXNativeTarget section */

/* Begin PBXProject section */
		D847A9342C56BE3700757A5F /* Project object */ = {
			isa = PBXProject;
			attributes = {
				BuildIndependentTargetsInParallel = 1;
				LastSwiftUpdateCheck = 1540;
				LastUpgradeCheck = 1540;
				TargetAttributes = {
					D847A93B2C56BE3700757A5F = {
						CreatedOnToolsVersion = 15.4;
					};
				};
			};
			buildConfigurationList = D847A9372C56BE3700757A5F /* Build configuration list for PBXProject "CroppImage" */;
			compatibilityVersion = "Xcode 14.0";
			developmentRegion = en;
			hasScannedForEncodings = 0;
			knownRegions = (
				en,
				Base,
			);
			mainGroup = D847A9332C56BE3700757A5F;
			productRefGroup = D847A93D2C56BE3700757A5F /* Products */;
			projectDirPath = "";
			projectRoot = "";
			targets = (
				D847A93B2C56BE3700757A5F /* CroppImage */,
			);
		};
/* End PBXProject section */

/* Begin PBXResourcesBuildPhase section */
		D847A93A2C56BE3700757A5F /* Resources */ = {
			isa = PBXResourcesBuildPhase;
			buildActionMask = 2147483647;
			files = (
				D847A9492C56BE3800757A5F /* Assets.xcassets in Resources */,
				D847A94C2C56BE3800757A5F /* Base in Resources */,
				D847A9472C56BE3700757A5F /* Base in Resources */,
				D87014742C5825D80032C2F3 /* SettingsTableViewCell.xib in Resources */,
				D870146F2C5824AB0032C2F3 /* Settings.storyboard in Resources */,
			);
			runOnlyForDeploymentPostprocessing = 0;
		};
/* End PBXResourcesBuildPhase section */

/* Begin PBXSourcesBuildPhase section */
		D847A9382C56BE3700757A5F /* Sources */ = {
			isa = PBXSourcesBuildPhase;
			buildActionMask = 2147483647;
			files = (
				D87014762C58272A0032C2F3 /* SettingsTableView.swift in Sources */,
				D87014692C581CCA0032C2F3 /* HoleView.swift in Sources */,
				D87014642C581B980032C2F3 /* TabBar.swift in Sources */,
				D87014732C5825D80032C2F3 /* SettingsTableViewCell.swift in Sources */,
				D847A9442C56BE3700757A5F /* ViewController.swift in Sources */,
				D870146D2C5824A50032C2F3 /* SettingsViewController.swift in Sources */,
				D847A9402C56BE3700757A5F /* AppDelegate.swift in Sources */,
			);
			runOnlyForDeploymentPostprocessing = 0;
		};
/* End PBXSourcesBuildPhase section */

/* Begin PBXVariantGroup section */
		D847A9452C56BE3700757A5F /* Main.storyboard */ = {
			isa = PBXVariantGroup;
			children = (
				D847A9462C56BE3700757A5F /* Base */,
			);
			name = Main.storyboard;
			sourceTree = "<group>";
		};
		D847A94A2C56BE3800757A5F /* LaunchScreen.storyboard */ = {
			isa = PBXVariantGroup;
			children = (
				D847A94B2C56BE3800757A5F /* Base */,
			);
			name = LaunchScreen.storyboard;
			sourceTree = "<group>";
		};
/* End PBXVariantGroup section */

/* Begin XCBuildConfiguration section */
		D847A94E2C56BE3800757A5F /* Debug */ = {
			isa = XCBuildConfiguration;
			buildSettings = {
				ALWAYS_SEARCH_USER_PATHS = NO;
				ASSETCATALOG_COMPILER_GENERATE_SWIFT_ASSET_SYMBOL_EXTENSIONS = YES;
				CLANG_ANALYZER_NONNULL = YES;
				CLANG_ANALYZER_NUMBER_OBJECT_CONVERSION = YES_AGGRESSIVE;
				CLANG_CXX_LANGUAGE_STANDARD = "gnu++20";
				CLANG_ENABLE_MODULES = YES;
				CLANG_ENABLE_OBJC_ARC = YES;
				CLANG_ENABLE_OBJC_WEAK = YES;
				CLANG_WARN_BLOCK_CAPTURE_AUTORELEASING = YES;
				CLANG_WARN_BOOL_CONVERSION = YES;
				CLANG_WARN_COMMA = YES;
				CLANG_WARN_CONSTANT_CONVERSION = YES;
				CLANG_WARN_DEPRECATED_OBJC_IMPLEMENTATIONS = YES;
				CLANG_WARN_DIRECT_OBJC_ISA_USAGE = YES_ERROR;
				CLANG_WARN_DOCUMENTATION_COMMENTS = YES;
				CLANG_WARN_EMPTY_BODY = YES;
				CLANG_WARN_ENUM_CONVERSION = YES;
				CLANG_WARN_INFINITE_RECURSION = YES;
				CLANG_WARN_INT_CONVERSION = YES;
				CLANG_WARN_NON_LITERAL_NULL_CONVERSION = YES;
				CLANG_WARN_OBJC_IMPLICIT_RETAIN_SELF = YES;
				CLANG_WARN_OBJC_LITERAL_CONVERSION = YES;
				CLANG_WARN_OBJC_ROOT_CLASS = YES_ERROR;
				CLANG_WARN_QUOTED_INCLUDE_IN_FRAMEWORK_HEADER = YES;
				CLANG_WARN_RANGE_LOOP_ANALYSIS = YES;
				CLANG_WARN_STRICT_PROTOTYPES = YES;
				CLANG_WARN_SUSPICIOUS_MOVE = YES;
				CLANG_WARN_UNGUARDED_AVAILABILITY = YES_AGGRESSIVE;
				CLANG_WARN_UNREACHABLE_CODE = YES;
				CLANG_WARN__DUPLICATE_METHOD_MATCH = YES;
				COPY_PHASE_STRIP = NO;
				DEBUG_INFORMATION_FORMAT = dwarf;
				ENABLE_STRICT_OBJC_MSGSEND = YES;
				ENABLE_TESTABILITY = YES;
				ENABLE_USER_SCRIPT_SANDBOXING = YES;
				GCC_C_LANGUAGE_STANDARD = gnu17;
				GCC_DYNAMIC_NO_PIC = NO;
				GCC_NO_COMMON_BLOCKS = YES;
				GCC_OPTIMIZATION_LEVEL = 0;
				GCC_PREPROCESSOR_DEFINITIONS = (
					"DEBUG=1",
					"$(inherited)",
				);
				GCC_WARN_64_TO_32_BIT_CONVERSION = YES;
				GCC_WARN_ABOUT_RETURN_TYPE = YES_ERROR;
				GCC_WARN_UNDECLARED_SELECTOR = YES;
				GCC_WARN_UNINITIALIZED_AUTOS = YES_AGGRESSIVE;
				GCC_WARN_UNUSED_FUNCTION = YES;
				GCC_WARN_UNUSED_VARIABLE = YES;
				IPHONEOS_DEPLOYMENT_TARGET = 16.0;
				LOCALIZATION_PREFERS_STRING_CATALOGS = YES;
				MTL_ENABLE_DEBUG_INFO = INCLUDE_SOURCE;
				MTL_FAST_MATH = YES;
				ONLY_ACTIVE_ARCH = YES;
				SDKROOT = iphoneos;
				SWIFT_ACTIVE_COMPILATION_CONDITIONS = "DEBUG $(inherited)";
				SWIFT_OPTIMIZATION_LEVEL = "-Onone";
			};
			name = Debug;
		};
		D847A94F2C56BE3800757A5F /* Release */ = {
			isa = XCBuildConfiguration;
			buildSettings = {
				ALWAYS_SEARCH_USER_PATHS = NO;
				ASSETCATALOG_COMPILER_GENERATE_SWIFT_ASSET_SYMBOL_EXTENSIONS = YES;
				CLANG_ANALYZER_NONNULL = YES;
				CLANG_ANALYZER_NUMBER_OBJECT_CONVERSION = YES_AGGRESSIVE;
				CLANG_CXX_LANGUAGE_STANDARD = "gnu++20";
				CLANG_ENABLE_MODULES = YES;
				CLANG_ENABLE_OBJC_ARC = YES;
				CLANG_ENABLE_OBJC_WEAK = YES;
				CLANG_WARN_BLOCK_CAPTURE_AUTORELEASING = YES;
				CLANG_WARN_BOOL_CONVERSION = YES;
				CLANG_WARN_COMMA = YES;
				CLANG_WARN_CONSTANT_CONVERSION = YES;
				CLANG_WARN_DEPRECATED_OBJC_IMPLEMENTATIONS = YES;
				CLANG_WARN_DIRECT_OBJC_ISA_USAGE = YES_ERROR;
				CLANG_WARN_DOCUMENTATION_COMMENTS = YES;
				CLANG_WARN_EMPTY_BODY = YES;
				CLANG_WARN_ENUM_CONVERSION = YES;
				CLANG_WARN_INFINITE_RECURSION = YES;
				CLANG_WARN_INT_CONVERSION = YES;
				CLANG_WARN_NON_LITERAL_NULL_CONVERSION = YES;
				CLANG_WARN_OBJC_IMPLICIT_RETAIN_SELF = YES;
				CLANG_WARN_OBJC_LITERAL_CONVERSION = YES;
				CLANG_WARN_OBJC_ROOT_CLASS = YES_ERROR;
				CLANG_WARN_QUOTED_INCLUDE_IN_FRAMEWORK_HEADER = YES;
				CLANG_WARN_RANGE_LOOP_ANALYSIS = YES;
				CLANG_WARN_STRICT_PROTOTYPES = YES;
				CLANG_WARN_SUSPICIOUS_MOVE = YES;
				CLANG_WARN_UNGUARDED_AVAILABILITY = YES_AGGRESSIVE;
				CLANG_WARN_UNREACHABLE_CODE = YES;
				CLANG_WARN__DUPLICATE_METHOD_MATCH = YES;
				COPY_PHASE_STRIP = NO;
				DEBUG_INFORMATION_FORMAT = "dwarf-with-dsym";
				ENABLE_NS_ASSERTIONS = NO;
				ENABLE_STRICT_OBJC_MSGSEND = YES;
				ENABLE_USER_SCRIPT_SANDBOXING = YES;
				GCC_C_LANGUAGE_STANDARD = gnu17;
				GCC_NO_COMMON_BLOCKS = YES;
				GCC_WARN_64_TO_32_BIT_CONVERSION = YES;
				GCC_WARN_ABOUT_RETURN_TYPE = YES_ERROR;
				GCC_WARN_UNDECLARED_SELECTOR = YES;
				GCC_WARN_UNINITIALIZED_AUTOS = YES_AGGRESSIVE;
				GCC_WARN_UNUSED_FUNCTION = YES;
				GCC_WARN_UNUSED_VARIABLE = YES;
				IPHONEOS_DEPLOYMENT_TARGET = 16.0;
				LOCALIZATION_PREFERS_STRING_CATALOGS = YES;
				MTL_ENABLE_DEBUG_INFO = NO;
				MTL_FAST_MATH = YES;
				SDKROOT = iphoneos;
				SWIFT_COMPILATION_MODE = wholemodule;
				VALIDATE_PRODUCT = YES;
			};
			name = Release;
		};
		D847A9512C56BE3800757A5F /* Debug */ = {
			isa = XCBuildConfiguration;
			buildSettings = {
				ASSETCATALOG_COMPILER_APPICON_NAME = AppIcon;
				ASSETCATALOG_COMPILER_GLOBAL_ACCENT_COLOR_NAME = AccentColor;
				CODE_SIGN_STYLE = Automatic;
				CURRENT_PROJECT_VERSION = 1;
				DEVELOPMENT_TEAM = 3ZVTHYFAJY;
				GENERATE_INFOPLIST_FILE = YES;
				INFOPLIST_FILE = CroppImage/Info.plist;
				INFOPLIST_KEY_UIApplicationSupportsIndirectInputEvents = YES;
				INFOPLIST_KEY_UILaunchStoryboardName = LaunchScreen;
				INFOPLIST_KEY_UIMainStoryboardFile = Main;
				INFOPLIST_KEY_UISupportedInterfaceOrientations_iPad = "UIInterfaceOrientationPortrait UIInterfaceOrientationPortraitUpsideDown UIInterfaceOrientationLandscapeLeft UIInterfaceOrientationLandscapeRight";
				INFOPLIST_KEY_UISupportedInterfaceOrientations_iPhone = "UIInterfaceOrientationPortrait UIInterfaceOrientationLandscapeLeft UIInterfaceOrientationLandscapeRight";
				LD_RUNPATH_SEARCH_PATHS = (
					"$(inherited)",
					"@executable_path/Frameworks",
				);
				MARKETING_VERSION = 1.0;
				PRODUCT_BUNDLE_IDENTIFIER = HobINC.CroppImage;
				PRODUCT_NAME = "$(TARGET_NAME)";
				SUPPORTED_PLATFORMS = "iphoneos iphonesimulator";
				SUPPORTS_MACCATALYST = NO;
				SUPPORTS_MAC_DESIGNED_FOR_IPHONE_IPAD = NO;
				SUPPORTS_XR_DESIGNED_FOR_IPHONE_IPAD = NO;
				SWIFT_EMIT_LOC_STRINGS = YES;
				SWIFT_VERSION = 5.0;
				TARGETED_DEVICE_FAMILY = 1;
			};
			name = Debug;
		};
		D847A9522C56BE3800757A5F /* Release */ = {
			isa = XCBuildConfiguration;
			buildSettings = {
				ASSETCATALOG_COMPILER_APPICON_NAME = AppIcon;
				ASSETCATALOG_COMPILER_GLOBAL_ACCENT_COLOR_NAME = AccentColor;
				CODE_SIGN_STYLE = Automatic;
				CURRENT_PROJECT_VERSION = 1;
				DEVELOPMENT_TEAM = 3ZVTHYFAJY;
				GENERATE_INFOPLIST_FILE = YES;
				INFOPLIST_FILE = CroppImage/Info.plist;
				INFOPLIST_KEY_UIApplicationSupportsIndirectInputEvents = YES;
				INFOPLIST_KEY_UILaunchStoryboardName = LaunchScreen;
				INFOPLIST_KEY_UIMainStoryboardFile = Main;
				INFOPLIST_KEY_UISupportedInterfaceOrientations_iPad = "UIInterfaceOrientationPortrait UIInterfaceOrientationPortraitUpsideDown UIInterfaceOrientationLandscapeLeft UIInterfaceOrientationLandscapeRight";
				INFOPLIST_KEY_UISupportedInterfaceOrientations_iPhone = "UIInterfaceOrientationPortrait UIInterfaceOrientationLandscapeLeft UIInterfaceOrientationLandscapeRight";
				LD_RUNPATH_SEARCH_PATHS = (
					"$(inherited)",
					"@executable_path/Frameworks",
				);
				MARKETING_VERSION = 1.0;
				PRODUCT_BUNDLE_IDENTIFIER = HobINC.CroppImage;
				PRODUCT_NAME = "$(TARGET_NAME)";
				SUPPORTED_PLATFORMS = "iphoneos iphonesimulator";
				SUPPORTS_MACCATALYST = NO;
				SUPPORTS_MAC_DESIGNED_FOR_IPHONE_IPAD = NO;
				SUPPORTS_XR_DESIGNED_FOR_IPHONE_IPAD = NO;
				SWIFT_EMIT_LOC_STRINGS = YES;
				SWIFT_VERSION = 5.0;
				TARGETED_DEVICE_FAMILY = 1;
			};
			name = Release;
		};
/* End XCBuildConfiguration section */

/* Begin XCConfigurationList section */
		D847A9372C56BE3700757A5F /* Build configuration list for PBXProject "CroppImage" */ = {
			isa = XCConfigurationList;
			buildConfigurations = (
				D847A94E2C56BE3800757A5F /* Debug */,
				D847A94F2C56BE3800757A5F /* Release */,
			);
			defaultConfigurationIsVisible = 0;
			defaultConfigurationName = Release;
		};
		D847A9502C56BE3800757A5F /* Build configuration list for PBXNativeTarget "CroppImage" */ = {
			isa = XCConfigurationList;
			buildConfigurations = (
				D847A9512C56BE3800757A5F /* Debug */,
				D847A9522C56BE3800757A5F /* Release */,
			);
			defaultConfigurationIsVisible = 0;
			defaultConfigurationName = Release;
		};
/* End XCConfigurationList section */
	};
	rootObject = D847A9342C56BE3700757A5F /* Project object */;
}
